
Microsoft Visual Studio Solution File, Format Version 12.00
# Visual Studio Version 16
VisualStudioVersion = 16.0.28803.202
MinimumVisualStudioVersion = 10.0.40219.1
Project("{FAE04EC0-301F-11D3-BF4B-00C04F79EFBC}") = "SharpGeoAPI", "SharpGeoAPI\SharpGeoAPI.csproj", "{2A441BB0-30B1-4AE4-92C2-1BEF1F3D0945}"
EndProject
Global
	GlobalSection(SolutionConfigurationPlatforms) = preSolution
		Debug|Any CPU = Debug|Any CPU
		Release|Any CPU = Release|Any CPU
	EndGlobalSection
	GlobalSection(ProjectConfigurationPlatforms) = postSolution
		{2A441BB0-30B1-4AE4-92C2-1BEF1F3D0945}.Debug|Any CPU.ActiveCfg = Debug|Any CPU
		{2A441BB0-30B1-4AE4-92C2-1BEF1F3D0945}.Debug|Any CPU.Build.0 = Debug|Any CPU
		{2A441BB0-30B1-4AE4-92C2-1BEF1F3D0945}.Release|Any CPU.ActiveCfg = Release|Any CPU
		{2A441BB0-30B1-4AE4-92C2-1BEF1F3D0945}.Release|Any CPU.Build.0 = Release|Any CPU
	EndGlobalSection
	GlobalSection(SolutionProperties) = preSolution
		HideSolutionNode = FALSE
	EndGlobalSection
	GlobalSection(ExtensibilityGlobals) = postSolution
		SolutionGuid = {7003FE57-11B1-4273-9156-5BC73910B09B}
	EndGlobalSection
EndGlobal
